
Microsoft Visual Studio Solution File, Format Version 12.00
# Visual Studio 14
VisualStudioVersion = 14.0.23107.0
MinimumVisualStudioVersion = 10.0.40219.1
Project("{8BC9CEB8-8B4A-11D0-8D11-00A0C91BC942}") = "TrainLab", "TrainLab\TrainLab.vcxproj", "{F9610F02-DBCB-468C-B1FF-E879438584DC}"
EndProject
Project("{8BC9CEB8-8B4A-11D0-8D11-00A0C91BC942}") = "TrainLab.UnitTests", "TrainLab.UnitTests\TrainLab.UnitTests.vcxproj", "{FF49189E-5CA1-4CD8-B9DC-C6DA3CBF4FB1}"
EndProject
Global
	GlobalSection(SolutionConfigurationPlatforms) = preSolution
		Debug|x64 = Debug|x64
		Debug|x86 = Debug|x86
		Release|x64 = Release|x64
		Release|x86 = Release|x86
	EndGlobalSection
	GlobalSection(ProjectConfigurationPlatforms) = postSolution
		{F9610F02-DBCB-468C-B1FF-E879438584DC}.Debug|x64.ActiveCfg = Debug|x64
		{F9610F02-DBCB-468C-B1FF-E879438584DC}.Debug|x64.Build.0 = Debug|x64
		{F9610F02-DBCB-468C-B1FF-E879438584DC}.Debug|x86.ActiveCfg = Debug|Win32
		{F9610F02-DBCB-468C-B1FF-E879438584DC}.Debug|x86.Build.0 = Debug|Win32
		{F9610F02-DBCB-468C-B1FF-E879438584DC}.Release|x64.ActiveCfg = Release|x64
		{F9610F02-DBCB-468C-B1FF-E879438584DC}.Release|x64.Build.0 = Release|x64
		{F9610F02-DBCB-468C-B1FF-E879438584DC}.Release|x86.ActiveCfg = Release|Win32
		{F9610F02-DBCB-468C-B1FF-E879438584DC}.Release|x86.Build.0 = Release|Win32
		{FF49189E-5CA1-4CD8-B9DC-C6DA3CBF4FB1}.Debug|x64.ActiveCfg = Debug|x64
		{FF49189E-5CA1-4CD8-B9DC-C6DA3CBF4FB1}.Debug|x64.Build.0 = Debug|x64
		{FF49189E-5CA1-4CD8-B9DC-C6DA3CBF4FB1}.Debug|x86.ActiveCfg = Debug|Win32
		{FF49189E-5CA1-4CD8-B9DC-C6DA3CBF4FB1}.Debug|x86.Build.0 = Debug|Win32
		{FF49189E-5CA1-4CD8-B9DC-C6DA3CBF4FB1}.Release|x64.ActiveCfg = Release|x64
		{FF49189E-5CA1-4CD8-B9DC-C6DA3CBF4FB1}.Release|x64.Build.0 = Release|x64
		{FF49189E-5CA1-4CD8-B9DC-C6DA3CBF4FB1}.Release|x86.ActiveCfg = Release|Win32
		{FF49189E-5CA1-4CD8-B9DC-C6DA3CBF4FB1}.Release|x86.Build.0 = Release|Win32
	EndGlobalSection
	GlobalSection(SolutionProperties) = preSolution
		HideSolutionNode = FALSE
	EndGlobalSection
	GlobalSection(ExtensibilityGlobals) = postSolution
		SolutionGuid = {3B159397-4ED7-46D5-9B93-C61016A3C1DF}
	EndGlobalSection
EndGlobal
